
Microsoft Visual Studio Solution File, Format Version 12.00
# Visual Studio Version 16
VisualStudioVersion = 16.0.29411.108
MinimumVisualStudioVersion = 10.0.40219.1
Project("{FAE04EC0-301F-11D3-BF4B-00C04F79EFBC}") = "BeerFactory", "BeerFactory\BeerFactory.csproj", "{176925B4-DABD-4744-96A9-008613554FED}"
EndProject
Project("{FAE04EC0-301F-11D3-BF4B-00C04F79EFBC}") = "InjectorContainer", "InjectorContainer\InjectorContainer.csproj", "{C0A22677-477B-4625-B1FD-AC1A17175087}"
EndProject
Project("{FAE04EC0-301F-11D3-BF4B-00C04F79EFBC}") = "NetworkService", "NetworkService\NetworkService.csproj", "{8C1836CD-FBBF-479C-92FB-B291EB940A99}"
EndProject
Project("{FAE04EC0-301F-11D3-BF4B-00C04F79EFBC}") = "WebHost", "WebHost\WebHost.csproj", "{D8CDB7A0-8F9A-43A7-B6E7-D58F89F60455}"
EndProject
Project("{FAE04EC0-301F-11D3-BF4B-00C04F79EFBC}") = "DatabaseManager", "DatabaseManager\DatabaseManager.csproj", "{041A6FDC-1205-4D8C-8458-04EF282F8278}"
EndProject
Project("{FAE04EC0-301F-11D3-BF4B-00C04F79EFBC}") = "DatabaseModels", "DatabaseModels\DatabaseModels.csproj", "{8907C09D-BD81-495B-98A6-E8B9E33723E7}"
EndProject
Project("{FAE04EC0-301F-11D3-BF4B-00C04F79EFBC}") = "NotificationService", "NotificationService\NotificationService.csproj", "{810788FC-ADCD-403D-B528-9AE98C6988AA}"
EndProject
Project("{FAE04EC0-301F-11D3-BF4B-00C04F79EFBC}") = "Kernel", "Kernel\Kernel.csproj", "{C9218421-37C8-47B8-BC19-D100D8A6D9B8}"
EndProject
Global
	GlobalSection(SolutionConfigurationPlatforms) = preSolution
		Debug|Any CPU = Debug|Any CPU
		Debug|x64 = Debug|x64
		Debug|x86 = Debug|x86
		Release|Any CPU = Release|Any CPU
		Release|x64 = Release|x64
		Release|x86 = Release|x86
	EndGlobalSection
	GlobalSection(ProjectConfigurationPlatforms) = postSolution
		{176925B4-DABD-4744-96A9-008613554FED}.Debug|Any CPU.ActiveCfg = Debug|Any CPU
		{176925B4-DABD-4744-96A9-008613554FED}.Debug|Any CPU.Build.0 = Debug|Any CPU
		{176925B4-DABD-4744-96A9-008613554FED}.Debug|x64.ActiveCfg = Debug|Any CPU
		{176925B4-DABD-4744-96A9-008613554FED}.Debug|x64.Build.0 = Debug|Any CPU
		{176925B4-DABD-4744-96A9-008613554FED}.Debug|x86.ActiveCfg = Debug|Any CPU
		{176925B4-DABD-4744-96A9-008613554FED}.Debug|x86.Build.0 = Debug|Any CPU
		{176925B4-DABD-4744-96A9-008613554FED}.Release|Any CPU.ActiveCfg = Release|Any CPU
		{176925B4-DABD-4744-96A9-008613554FED}.Release|Any CPU.Build.0 = Release|Any CPU
		{176925B4-DABD-4744-96A9-008613554FED}.Release|x64.ActiveCfg = Release|Any CPU
		{176925B4-DABD-4744-96A9-008613554FED}.Release|x64.Build.0 = Release|Any CPU
		{176925B4-DABD-4744-96A9-008613554FED}.Release|x86.ActiveCfg = Release|Any CPU
		{176925B4-DABD-4744-96A9-008613554FED}.Release|x86.Build.0 = Release|Any CPU
		{C0A22677-477B-4625-B1FD-AC1A17175087}.Debug|Any CPU.ActiveCfg = Debug|Any CPU
		{C0A22677-477B-4625-B1FD-AC1A17175087}.Debug|Any CPU.Build.0 = Debug|Any CPU
		{C0A22677-477B-4625-B1FD-AC1A17175087}.Debug|x64.ActiveCfg = Debug|Any CPU
		{C0A22677-477B-4625-B1FD-AC1A17175087}.Debug|x64.Build.0 = Debug|Any CPU
		{C0A22677-477B-4625-B1FD-AC1A17175087}.Debug|x86.ActiveCfg = Debug|Any CPU
		{C0A22677-477B-4625-B1FD-AC1A17175087}.Debug|x86.Build.0 = Debug|Any CPU
		{C0A22677-477B-4625-B1FD-AC1A17175087}.Release|Any CPU.ActiveCfg = Release|Any CPU
		{C0A22677-477B-4625-B1FD-AC1A17175087}.Release|Any CPU.Build.0 = Release|Any CPU
		{C0A22677-477B-4625-B1FD-AC1A17175087}.Release|x64.ActiveCfg = Release|Any CPU
		{C0A22677-477B-4625-B1FD-AC1A17175087}.Release|x64.Build.0 = Release|Any CPU
		{C0A22677-477B-4625-B1FD-AC1A17175087}.Release|x86.ActiveCfg = Release|Any CPU
		{C0A22677-477B-4625-B1FD-AC1A17175087}.Release|x86.Build.0 = Release|Any CPU
		{8C1836CD-FBBF-479C-92FB-B291EB940A99}.Debug|Any CPU.ActiveCfg = Debug|Any CPU
		{8C1836CD-FBBF-479C-92FB-B291EB940A99}.Debug|Any CPU.Build.0 = Debug|Any CPU
		{8C1836CD-FBBF-479C-92FB-B291EB940A99}.Debug|x64.ActiveCfg = Debug|Any CPU
		{8C1836CD-FBBF-479C-92FB-B291EB940A99}.Debug|x64.Build.0 = Debug|Any CPU
		{8C1836CD-FBBF-479C-92FB-B291EB940A99}.Debug|x86.ActiveCfg = Debug|Any CPU
		{8C1836CD-FBBF-479C-92FB-B291EB940A99}.Debug|x86.Build.0 = Debug|Any CPU
		{8C1836CD-FBBF-479C-92FB-B291EB940A99}.Release|Any CPU.ActiveCfg = Release|Any CPU
		{8C1836CD-FBBF-479C-92FB-B291EB940A99}.Release|Any CPU.Build.0 = Release|Any CPU
		{8C1836CD-FBBF-479C-92FB-B291EB940A99}.Release|x64.ActiveCfg = Release|Any CPU
		{8C1836CD-FBBF-479C-92FB-B291EB940A99}.Release|x64.Build.0 = Release|Any CPU
		{8C1836CD-FBBF-479C-92FB-B291EB940A99}.Release|x86.ActiveCfg = Release|Any CPU
		{8C1836CD-FBBF-479C-92FB-B291EB940A99}.Release|x86.Build.0 = Release|Any CPU
		{D8CDB7A0-8F9A-43A7-B6E7-D58F89F60455}.Debug|Any CPU.ActiveCfg = Debug|Any CPU
		{D8CDB7A0-8F9A-43A7-B6E7-D58F89F60455}.Debug|Any CPU.Build.0 = Debug|Any CPU
		{D8CDB7A0-8F9A-43A7-B6E7-D58F89F60455}.Debug|x64.ActiveCfg = Debug|Any CPU
		{D8CDB7A0-8F9A-43A7-B6E7-D58F89F60455}.Debug|x64.Build.0 = Debug|Any CPU
		{D8CDB7A0-8F9A-43A7-B6E7-D58F89F60455}.Debug|x86.ActiveCfg = Debug|Any CPU
		{D8CDB7A0-8F9A-43A7-B6E7-D58F89F60455}.Debug|x86.Build.0 = Debug|Any CPU
		{D8CDB7A0-8F9A-43A7-B6E7-D58F89F60455}.Release|Any CPU.ActiveCfg = Release|Any CPU
		{D8CDB7A0-8F9A-43A7-B6E7-D58F89F60455}.Release|Any CPU.Build.0 = Release|Any CPU
		{D8CDB7A0-8F9A-43A7-B6E7-D58F89F60455}.Release|x64.ActiveCfg = Release|Any CPU
		{D8CDB7A0-8F9A-43A7-B6E7-D58F89F60455}.Release|x64.Build.0 = Release|Any CPU
		{D8CDB7A0-8F9A-43A7-B6E7-D58F89F60455}.Release|x86.ActiveCfg = Release|Any CPU
		{D8CDB7A0-8F9A-43A7-B6E7-D58F89F60455}.Release|x86.Build.0 = Release|Any CPU
		{041A6FDC-1205-4D8C-8458-04EF282F8278}.Debug|Any CPU.ActiveCfg = Debug|Any CPU
		{041A6FDC-1205-4D8C-8458-04EF282F8278}.Debug|Any CPU.Build.0 = Debug|Any CPU
		{041A6FDC-1205-4D8C-8458-04EF282F8278}.Debug|x64.ActiveCfg = Debug|Any CPU
		{041A6FDC-1205-4D8C-8458-04EF282F8278}.Debug|x64.Build.0 = Debug|Any CPU
		{041A6FDC-1205-4D8C-8458-04EF282F8278}.Debug|x86.ActiveCfg = Debug|Any CPU
		{041A6FDC-1205-4D8C-8458-04EF282F8278}.Debug|x86.Build.0 = Debug|Any CPU
		{041A6FDC-1205-4D8C-8458-04EF282F8278}.Release|Any CPU.ActiveCfg = Release|Any CPU
		{041A6FDC-1205-4D8C-8458-04EF282F8278}.Release|Any CPU.Build.0 = Release|Any CPU
		{041A6FDC-1205-4D8C-8458-04EF282F8278}.Release|x64.ActiveCfg = Release|Any CPU
		{041A6FDC-1205-4D8C-8458-04EF282F8278}.Release|x64.Build.0 = Release|Any CPU
		{041A6FDC-1205-4D8C-8458-04EF282F8278}.Release|x86.ActiveCfg = Release|Any CPU
		{041A6FDC-1205-4D8C-8458-04EF282F8278}.Release|x86.Build.0 = Release|Any CPU
		{8907C09D-BD81-495B-98A6-E8B9E33723E7}.Debug|Any CPU.ActiveCfg = Debug|Any CPU
		{8907C09D-BD81-495B-98A6-E8B9E33723E7}.Debug|Any CPU.Build.0 = Debug|Any CPU
		{8907C09D-BD81-495B-98A6-E8B9E33723E7}.Debug|x64.ActiveCfg = Debug|Any CPU
		{8907C09D-BD81-495B-98A6-E8B9E33723E7}.Debug|x64.Build.0 = Debug|Any CPU
		{8907C09D-BD81-495B-98A6-E8B9E33723E7}.Debug|x86.ActiveCfg = Debug|Any CPU
		{8907C09D-BD81-495B-98A6-E8B9E33723E7}.Debug|x86.Build.0 = Debug|Any CPU
		{8907C09D-BD81-495B-98A6-E8B9E33723E7}.Release|Any CPU.ActiveCfg = Release|Any CPU
		{8907C09D-BD81-495B-98A6-E8B9E33723E7}.Release|Any CPU.Build.0 = Release|Any CPU
		{8907C09D-BD81-495B-98A6-E8B9E33723E7}.Release|x64.ActiveCfg = Release|Any CPU
		{8907C09D-BD81-495B-98A6-E8B9E33723E7}.Release|x64.Build.0 = Release|Any CPU
		{8907C09D-BD81-495B-98A6-E8B9E33723E7}.Release|x86.ActiveCfg = Release|Any CPU
		{8907C09D-BD81-495B-98A6-E8B9E33723E7}.Release|x86.Build.0 = Release|Any CPU
		{810788FC-ADCD-403D-B528-9AE98C6988AA}.Debug|Any CPU.ActiveCfg = Debug|Any CPU
		{810788FC-ADCD-403D-B528-9AE98C6988AA}.Debug|Any CPU.Build.0 = Debug|Any CPU
		{810788FC-ADCD-403D-B528-9AE98C6988AA}.Debug|x64.ActiveCfg = Debug|Any CPU
		{810788FC-ADCD-403D-B528-9AE98C6988AA}.Debug|x64.Build.0 = Debug|Any CPU
		{810788FC-ADCD-403D-B528-9AE98C6988AA}.Debug|x86.ActiveCfg = Debug|Any CPU
		{810788FC-ADCD-403D-B528-9AE98C6988AA}.Debug|x86.Build.0 = Debug|Any CPU
		{810788FC-ADCD-403D-B528-9AE98C6988AA}.Release|Any CPU.ActiveCfg = Release|Any CPU
		{810788FC-ADCD-403D-B528-9AE98C6988AA}.Release|Any CPU.Build.0 = Release|Any CPU
		{810788FC-ADCD-403D-B528-9AE98C6988AA}.Release|x64.ActiveCfg = Release|Any CPU
		{810788FC-ADCD-403D-B528-9AE98C6988AA}.Release|x64.Build.0 = Release|Any CPU
		{810788FC-ADCD-403D-B528-9AE98C6988AA}.Release|x86.ActiveCfg = Release|Any CPU
		{810788FC-ADCD-403D-B528-9AE98C6988AA}.Release|x86.Build.0 = Release|Any CPU
		{C9218421-37C8-47B8-BC19-D100D8A6D9B8}.Debug|Any CPU.ActiveCfg = Debug|Any CPU
		{C9218421-37C8-47B8-BC19-D100D8A6D9B8}.Debug|Any CPU.Build.0 = Debug|Any CPU
		{C9218421-37C8-47B8-BC19-D100D8A6D9B8}.Debug|x64.ActiveCfg = Debug|Any CPU
		{C9218421-37C8-47B8-BC19-D100D8A6D9B8}.Debug|x64.Build.0 = Debug|Any CPU
		{C9218421-37C8-47B8-BC19-D100D8A6D9B8}.Debug|x86.ActiveCfg = Debug|Any CPU
		{C9218421-37C8-47B8-BC19-D100D8A6D9B8}.Debug|x86.Build.0 = Debug|Any CPU
		{C9218421-37C8-47B8-BC19-D100D8A6D9B8}.Release|Any CPU.ActiveCfg = Release|Any CPU
		{C9218421-37C8-47B8-BC19-D100D8A6D9B8}.Release|Any CPU.Build.0 = Release|Any CPU
		{C9218421-37C8-47B8-BC19-D100D8A6D9B8}.Release|x64.ActiveCfg = Release|Any CPU
		{C9218421-37C8-47B8-BC19-D100D8A6D9B8}.Release|x64.Build.0 = Release|Any CPU
		{C9218421-37C8-47B8-BC19-D100D8A6D9B8}.Release|x86.ActiveCfg = Release|Any CPU
		{C9218421-37C8-47B8-BC19-D100D8A6D9B8}.Release|x86.Build.0 = Release|Any CPU
	EndGlobalSection
	GlobalSection(SolutionProperties) = preSolution
		HideSolutionNode = FALSE
	EndGlobalSection
	GlobalSection(ExtensibilityGlobals) = postSolution
		SolutionGuid = {9569CE2E-2682-403B-942C-CA89BA20CCB6}
	EndGlobalSection
EndGlobal
