
Microsoft Visual Studio Solution File, Format Version 12.00
# Visual Studio Version 16
VisualStudioVersion = 16.0.29411.108
MinimumVisualStudioVersion = 10.0.40219.1
Project("{FAE04EC0-301F-11D3-BF4B-00C04F79EFBC}") = "BeerFactory", "BeerFactory\BeerFactory.csproj", "{176925B4-DABD-4744-96A9-008613554FED}"
EndProject
Project("{FAE04EC0-301F-11D3-BF4B-00C04F79EFBC}") = "InjectorContainer", "InjectorContainer\InjectorContainer.csproj", "{C0A22677-477B-4625-B1FD-AC1A17175087}"
EndProject
Project("{FAE04EC0-301F-11D3-BF4B-00C04F79EFBC}") = "NetworkService", "NetworkService\NetworkService.csproj", "{8C1836CD-FBBF-479C-92FB-B291EB940A99}"
EndProject
Project("{FAE04EC0-301F-11D3-BF4B-00C04F79EFBC}") = "WebHost", "WebHost\WebHost.csproj", "{D8CDB7A0-8F9A-43A7-B6E7-D58F89F60455}"
EndProject
Project("{FAE04EC0-301F-11D3-BF4B-00C04F79EFBC}") = "DatabaseManager", "Database\DatabaseManager.csproj", "{041A6FDC-1205-4D8C-8458-04EF282F8278}"
EndProject
Global
	GlobalSection(SolutionConfigurationPlatforms) = preSolution
		Debug|Any CPU = Debug|Any CPU
		Release|Any CPU = Release|Any CPU
	EndGlobalSection
	GlobalSection(ProjectConfigurationPlatforms) = postSolution
		{176925B4-DABD-4744-96A9-008613554FED}.Debug|Any CPU.ActiveCfg = Debug|Any CPU
		{176925B4-DABD-4744-96A9-008613554FED}.Debug|Any CPU.Build.0 = Debug|Any CPU
		{176925B4-DABD-4744-96A9-008613554FED}.Release|Any CPU.ActiveCfg = Release|Any CPU
		{176925B4-DABD-4744-96A9-008613554FED}.Release|Any CPU.Build.0 = Release|Any CPU
		{C0A22677-477B-4625-B1FD-AC1A17175087}.Debug|Any CPU.ActiveCfg = Debug|Any CPU
		{C0A22677-477B-4625-B1FD-AC1A17175087}.Debug|Any CPU.Build.0 = Debug|Any CPU
		{C0A22677-477B-4625-B1FD-AC1A17175087}.Release|Any CPU.ActiveCfg = Release|Any CPU
		{C0A22677-477B-4625-B1FD-AC1A17175087}.Release|Any CPU.Build.0 = Release|Any CPU
		{8C1836CD-FBBF-479C-92FB-B291EB940A99}.Debug|Any CPU.ActiveCfg = Debug|Any CPU
		{8C1836CD-FBBF-479C-92FB-B291EB940A99}.Debug|Any CPU.Build.0 = Debug|Any CPU
		{8C1836CD-FBBF-479C-92FB-B291EB940A99}.Release|Any CPU.ActiveCfg = Release|Any CPU
		{8C1836CD-FBBF-479C-92FB-B291EB940A99}.Release|Any CPU.Build.0 = Release|Any CPU
		{D8CDB7A0-8F9A-43A7-B6E7-D58F89F60455}.Debug|Any CPU.ActiveCfg = Debug|Any CPU
		{D8CDB7A0-8F9A-43A7-B6E7-D58F89F60455}.Debug|Any CPU.Build.0 = Debug|Any CPU
		{D8CDB7A0-8F9A-43A7-B6E7-D58F89F60455}.Release|Any CPU.ActiveCfg = Release|Any CPU
		{D8CDB7A0-8F9A-43A7-B6E7-D58F89F60455}.Release|Any CPU.Build.0 = Release|Any CPU
		{041A6FDC-1205-4D8C-8458-04EF282F8278}.Debug|Any CPU.ActiveCfg = Debug|Any CPU
		{041A6FDC-1205-4D8C-8458-04EF282F8278}.Debug|Any CPU.Build.0 = Debug|Any CPU
		{041A6FDC-1205-4D8C-8458-04EF282F8278}.Release|Any CPU.ActiveCfg = Release|Any CPU
		{041A6FDC-1205-4D8C-8458-04EF282F8278}.Release|Any CPU.Build.0 = Release|Any CPU
	EndGlobalSection
	GlobalSection(SolutionProperties) = preSolution
		HideSolutionNode = FALSE
	EndGlobalSection
	GlobalSection(ExtensibilityGlobals) = postSolution
		SolutionGuid = {9569CE2E-2682-403B-942C-CA89BA20CCB6}
	EndGlobalSection
EndGlobal
